
Microsoft Visual Studio Solution File, Format Version 12.00
# Visual Studio Version 17
VisualStudioVersion = 17.4.33213.308
MinimumVisualStudioVersion = 10.0.40219.1
Project("{FAE04EC0-301F-11D3-BF4B-00C04F79EFBC}") = "AstronomicalNumbersCalculator", "AstronomicalNumbersCalculator.csproj", "{D1C75063-6FA0-47A2-BBEE-15DD29597EFD}"
EndProject
Global
	GlobalSection(SolutionConfigurationPlatforms) = preSolution
		Debug|Any CPU = Debug|Any CPU
		Release|Any CPU = Release|Any CPU
	EndGlobalSection
	GlobalSection(ProjectConfigurationPlatforms) = postSolution
		{D1C75063-6FA0-47A2-BBEE-15DD29597EFD}.Debug|Any CPU.ActiveCfg = Debug|Any CPU
		{D1C75063-6FA0-47A2-BBEE-15DD29597EFD}.Debug|Any CPU.Build.0 = Debug|Any CPU
		{D1C75063-6FA0-47A2-BBEE-15DD29597EFD}.Release|Any CPU.ActiveCfg = Release|Any CPU
		{D1C75063-6FA0-47A2-BBEE-15DD29597EFD}.Release|Any CPU.Build.0 = Release|Any CPU
	EndGlobalSection
	GlobalSection(SolutionProperties) = preSolution
		HideSolutionNode = FALSE
	EndGlobalSection
	GlobalSection(ExtensibilityGlobals) = postSolution
		SolutionGuid = {001BDAF5-1C0D-4299-A939-A9E5D10A0673}
	EndGlobalSection
EndGlobal
